// !$*UTF8*$!
{
	archiveVersion = 1;
	classes = {
	};
	objectVersion = 55;
	objects = {

/* Begin PBXBuildFile section */
		4EB7007DC40B99ED08C0869A /* Pods_NFTMarketplace.framework in Frameworks */ = {isa = PBXBuildFile; fileRef = B68A9B0FCF909FEAC11302C6 /* Pods_NFTMarketplace.framework */; };
		8CBCD03329394EF700D1EF20 /* AppDelegate.swift in Sources */ = {isa = PBXBuildFile; fileRef = 8CBCD03229394EF700D1EF20 /* AppDelegate.swift */; };
		8CBCD03529394EF700D1EF20 /* SceneDelegate.swift in Sources */ = {isa = PBXBuildFile; fileRef = 8CBCD03429394EF700D1EF20 /* SceneDelegate.swift */; };
		8CBCD03729394EF700D1EF20 /* ViewController.swift in Sources */ = {isa = PBXBuildFile; fileRef = 8CBCD03629394EF700D1EF20 /* ViewController.swift */; };
		8CBCD03A29394EF700D1EF20 /* Main.storyboard in Resources */ = {isa = PBXBuildFile; fileRef = 8CBCD03829394EF700D1EF20 /* Main.storyboard */; };
		8CBCD03C29394EF900D1EF20 /* Assets.xcassets in Resources */ = {isa = PBXBuildFile; fileRef = 8CBCD03B29394EF900D1EF20 /* Assets.xcassets */; };
		8CBCD03F29394EF900D1EF20 /* LaunchScreen.storyboard in Resources */ = {isa = PBXBuildFile; fileRef = 8CBCD03D29394EF900D1EF20 /* LaunchScreen.storyboard */; };
		8CBCD04C293950FB00D1EF20 /* GlobalConstants.swift in Sources */ = {isa = PBXBuildFile; fileRef = 8CBCD04B293950FB00D1EF20 /* GlobalConstants.swift */; };
		8CBCD04F29395B9E00D1EF20 /* NetworkingManager.swift in Sources */ = {isa = PBXBuildFile; fileRef = 8CBCD04E29395B9E00D1EF20 /* NetworkingManager.swift */; };
		8CBCD05529395FA600D1EF20 /* IPFSHandler.swift in Sources */ = {isa = PBXBuildFile; fileRef = 8CBCD05429395FA600D1EF20 /* IPFSHandler.swift */; };
		8CBCD05729396CEE00D1EF20 /* String+Utilities.swift in Sources */ = {isa = PBXBuildFile; fileRef = 8CBCD05629396CEE00D1EF20 /* String+Utilities.swift */; };
		8CBCD05B29396D3300D1EF20 /* IPFSResult.swift in Sources */ = {isa = PBXBuildFile; fileRef = 8CBCD05A29396D3300D1EF20 /* IPFSResult.swift */; };
		8CBCD05D2939838300D1EF20 /* OpenAPIHandler.swift in Sources */ = {isa = PBXBuildFile; fileRef = 8CBCD05C2939838300D1EF20 /* OpenAPIHandler.swift */; };
		8CBCD05F2939844E00D1EF20 /* ImageGenerationRequest.swift in Sources */ = {isa = PBXBuildFile; fileRef = 8CBCD05E2939844E00D1EF20 /* ImageGenerationRequest.swift */; };
		8CBCD0612939854900D1EF20 /* ImageGenerationResult.swift in Sources */ = {isa = PBXBuildFile; fileRef = 8CBCD0602939854900D1EF20 /* ImageGenerationResult.swift */; };
		8CBCD06429398DC700D1EF20 /* Web3 in Frameworks */ = {isa = PBXBuildFile; productRef = 8CBCD06329398DC700D1EF20 /* Web3 */; };
		8CBCD06629398DC700D1EF20 /* Web3ContractABI in Frameworks */ = {isa = PBXBuildFile; productRef = 8CBCD06529398DC700D1EF20 /* Web3ContractABI */; };
/* End PBXBuildFile section */

/* Begin PBXFileReference section */
		2577C57EC795E67A63BFE290 /* Pods-NFTMarketplace.release.xcconfig */ = {isa = PBXFileReference; includeInIndex = 1; lastKnownFileType = text.xcconfig; name = "Pods-NFTMarketplace.release.xcconfig"; path = "Target Support Files/Pods-NFTMarketplace/Pods-NFTMarketplace.release.xcconfig"; sourceTree = "<group>"; };
		8CBCD02F29394EF700D1EF20 /* NFTMarketplace.app */ = {isa = PBXFileReference; explicitFileType = wrapper.application; includeInIndex = 0; path = NFTMarketplace.app; sourceTree = BUILT_PRODUCTS_DIR; };
		8CBCD03229394EF700D1EF20 /* AppDelegate.swift */ = {isa = PBXFileReference; lastKnownFileType = sourcecode.swift; path = AppDelegate.swift; sourceTree = "<group>"; };
		8CBCD03429394EF700D1EF20 /* SceneDelegate.swift */ = {isa = PBXFileReference; lastKnownFileType = sourcecode.swift; path = SceneDelegate.swift; sourceTree = "<group>"; };
		8CBCD03629394EF700D1EF20 /* ViewController.swift */ = {isa = PBXFileReference; lastKnownFileType = sourcecode.swift; path = ViewController.swift; sourceTree = "<group>"; };
		8CBCD03929394EF700D1EF20 /* Base */ = {isa = PBXFileReference; lastKnownFileType = file.storyboard; name = Base; path = Base.lproj/Main.storyboard; sourceTree = "<group>"; };
		8CBCD03B29394EF900D1EF20 /* Assets.xcassets */ = {isa = PBXFileReference; lastKnownFileType = folder.assetcatalog; path = Assets.xcassets; sourceTree = "<group>"; };
		8CBCD03E29394EF900D1EF20 /* Base */ = {isa = PBXFileReference; lastKnownFileType = file.storyboard; name = Base; path = Base.lproj/LaunchScreen.storyboard; sourceTree = "<group>"; };
		8CBCD04029394EF900D1EF20 /* Info.plist */ = {isa = PBXFileReference; lastKnownFileType = text.plist.xml; path = Info.plist; sourceTree = "<group>"; };
		8CBCD04B293950FB00D1EF20 /* GlobalConstants.swift */ = {isa = PBXFileReference; lastKnownFileType = sourcecode.swift; path = GlobalConstants.swift; sourceTree = "<group>"; };
		8CBCD04E29395B9E00D1EF20 /* NetworkingManager.swift */ = {isa = PBXFileReference; lastKnownFileType = sourcecode.swift; path = NetworkingManager.swift; sourceTree = "<group>"; };
		8CBCD05429395FA600D1EF20 /* IPFSHandler.swift */ = {isa = PBXFileReference; lastKnownFileType = sourcecode.swift; path = IPFSHandler.swift; sourceTree = "<group>"; };
		8CBCD05629396CEE00D1EF20 /* String+Utilities.swift */ = {isa = PBXFileReference; lastKnownFileType = sourcecode.swift; path = "String+Utilities.swift"; sourceTree = "<group>"; };
		8CBCD05A29396D3300D1EF20 /* IPFSResult.swift */ = {isa = PBXFileReference; lastKnownFileType = sourcecode.swift; path = IPFSResult.swift; sourceTree = "<group>"; };
		8CBCD05C2939838300D1EF20 /* OpenAPIHandler.swift */ = {isa = PBXFileReference; lastKnownFileType = sourcecode.swift; path = OpenAPIHandler.swift; sourceTree = "<group>"; };
		8CBCD05E2939844E00D1EF20 /* ImageGenerationRequest.swift */ = {isa = PBXFileReference; lastKnownFileType = sourcecode.swift; path = ImageGenerationRequest.swift; sourceTree = "<group>"; };
		8CBCD0602939854900D1EF20 /* ImageGenerationResult.swift */ = {isa = PBXFileReference; lastKnownFileType = sourcecode.swift; path = ImageGenerationResult.swift; sourceTree = "<group>"; };
		B68A9B0FCF909FEAC11302C6 /* Pods_NFTMarketplace.framework */ = {isa = PBXFileReference; explicitFileType = wrapper.framework; includeInIndex = 0; path = Pods_NFTMarketplace.framework; sourceTree = BUILT_PRODUCTS_DIR; };
		DE2164AB307283DF6E89DA56 /* Pods-NFTMarketplace.debug.xcconfig */ = {isa = PBXFileReference; includeInIndex = 1; lastKnownFileType = text.xcconfig; name = "Pods-NFTMarketplace.debug.xcconfig"; path = "Target Support Files/Pods-NFTMarketplace/Pods-NFTMarketplace.debug.xcconfig"; sourceTree = "<group>"; };
/* End PBXFileReference section */

/* Begin PBXFrameworksBuildPhase section */
		8CBCD02C29394EF700D1EF20 /* Frameworks */ = {
			isa = PBXFrameworksBuildPhase;
			buildActionMask = 2147483647;
			files = (
				8CBCD06629398DC700D1EF20 /* Web3ContractABI in Frameworks */,
				4EB7007DC40B99ED08C0869A /* Pods_NFTMarketplace.framework in Frameworks */,
				8CBCD06429398DC700D1EF20 /* Web3 in Frameworks */,
			);
			runOnlyForDeploymentPostprocessing = 0;
		};
/* End PBXFrameworksBuildPhase section */

/* Begin PBXGroup section */
		1476EA372219DFD61F2AC649 /* Frameworks */ = {
			isa = PBXGroup;
			children = (
				B68A9B0FCF909FEAC11302C6 /* Pods_NFTMarketplace.framework */,
			);
			name = Frameworks;
			sourceTree = "<group>";
		};
		8CBCD02629394EF700D1EF20 = {
			isa = PBXGroup;
			children = (
				8CBCD03129394EF700D1EF20 /* NFTMarketplace */,
				8CBCD03029394EF700D1EF20 /* Products */,
				F3805C6ED8C052ED63A4596B /* Pods */,
				1476EA372219DFD61F2AC649 /* Frameworks */,
			);
			sourceTree = "<group>";
		};
		8CBCD03029394EF700D1EF20 /* Products */ = {
			isa = PBXGroup;
			children = (
				8CBCD02F29394EF700D1EF20 /* NFTMarketplace.app */,
			);
			name = Products;
			sourceTree = "<group>";
		};
		8CBCD03129394EF700D1EF20 /* NFTMarketplace */ = {
			isa = PBXGroup;
			children = (
				8CBCD05829396CFA00D1EF20 /* Utilities */,
				8CBCD04D29395B7400D1EF20 /* Handlers */,
				8CBCD04A293950A200D1EF20 /* Resources */,
				8CBCD03229394EF700D1EF20 /* AppDelegate.swift */,
				8CBCD03429394EF700D1EF20 /* SceneDelegate.swift */,
				8CBCD03629394EF700D1EF20 /* ViewController.swift */,
				8CBCD03829394EF700D1EF20 /* Main.storyboard */,
				8CBCD03B29394EF900D1EF20 /* Assets.xcassets */,
				8CBCD03D29394EF900D1EF20 /* LaunchScreen.storyboard */,
				8CBCD04029394EF900D1EF20 /* Info.plist */,
			);
			path = NFTMarketplace;
			sourceTree = "<group>";
		};
		8CBCD04A293950A200D1EF20 /* Resources */ = {
			isa = PBXGroup;
			children = (
				8CBCD04B293950FB00D1EF20 /* GlobalConstants.swift */,
			);
			path = Resources;
			sourceTree = "<group>";
		};
		8CBCD04D29395B7400D1EF20 /* Handlers */ = {
			isa = PBXGroup;
			children = (
				8CBCD05929396D0D00D1EF20 /* Models */,
				8CBCD04E29395B9E00D1EF20 /* NetworkingManager.swift */,
				8CBCD05429395FA600D1EF20 /* IPFSHandler.swift */,
				8CBCD05C2939838300D1EF20 /* OpenAPIHandler.swift */,
			);
			path = Handlers;
			sourceTree = "<group>";
		};
		8CBCD05829396CFA00D1EF20 /* Utilities */ = {
			isa = PBXGroup;
			children = (
				8CBCD05629396CEE00D1EF20 /* String+Utilities.swift */,
			);
			path = Utilities;
			sourceTree = "<group>";
		};
		8CBCD05929396D0D00D1EF20 /* Models */ = {
			isa = PBXGroup;
			children = (
				8CBCD05A29396D3300D1EF20 /* IPFSResult.swift */,
				8CBCD05E2939844E00D1EF20 /* ImageGenerationRequest.swift */,
				8CBCD0602939854900D1EF20 /* ImageGenerationResult.swift */,
			);
			path = Models;
			sourceTree = "<group>";
		};
		F3805C6ED8C052ED63A4596B /* Pods */ = {
			isa = PBXGroup;
			children = (
				DE2164AB307283DF6E89DA56 /* Pods-NFTMarketplace.debug.xcconfig */,
				2577C57EC795E67A63BFE290 /* Pods-NFTMarketplace.release.xcconfig */,
			);
			path = Pods;
			sourceTree = "<group>";
		};
/* End PBXGroup section */

/* Begin PBXNativeTarget section */
		8CBCD02E29394EF700D1EF20 /* NFTMarketplace */ = {
			isa = PBXNativeTarget;
			buildConfigurationList = 8CBCD04329394EF900D1EF20 /* Build configuration list for PBXNativeTarget "NFTMarketplace" */;
			buildPhases = (
				D8D62F270A21508462EB6C85 /* [CP] Check Pods Manifest.lock */,
				8CBCD02B29394EF700D1EF20 /* Sources */,
				8CBCD02C29394EF700D1EF20 /* Frameworks */,
				8CBCD02D29394EF700D1EF20 /* Resources */,
				7004D1DB6A616C89BF54D856 /* [CP] Embed Pods Frameworks */,
			);
			buildRules = (
			);
			dependencies = (
			);
			name = NFTMarketplace;
			packageProductDependencies = (
				8CBCD06329398DC700D1EF20 /* Web3 */,
				8CBCD06529398DC700D1EF20 /* Web3ContractABI */,
			);
			productName = NFTMarketplace;
			productReference = 8CBCD02F29394EF700D1EF20 /* NFTMarketplace.app */;
			productType = "com.apple.product-type.application";
		};
/* End PBXNativeTarget section */

/* Begin PBXProject section */
		8CBCD02729394EF700D1EF20 /* Project object */ = {
			isa = PBXProject;
			attributes = {
				BuildIndependentTargetsInParallel = 1;
				LastSwiftUpdateCheck = 1340;
				LastUpgradeCheck = 1340;
				TargetAttributes = {
					8CBCD02E29394EF700D1EF20 = {
						CreatedOnToolsVersion = 13.4.1;
					};
				};
			};
			buildConfigurationList = 8CBCD02A29394EF700D1EF20 /* Build configuration list for PBXProject "NFTMarketplace" */;
			compatibilityVersion = "Xcode 13.0";
			developmentRegion = en;
			hasScannedForEncodings = 0;
			knownRegions = (
				en,
				Base,
			);
			mainGroup = 8CBCD02629394EF700D1EF20;
			packageReferences = (
				8CBCD06229398DC700D1EF20 /* XCRemoteSwiftPackageReference "Web3.swift" */,
			);
			productRefGroup = 8CBCD03029394EF700D1EF20 /* Products */;
			projectDirPath = "";
			projectRoot = "";
			targets = (
				8CBCD02E29394EF700D1EF20 /* NFTMarketplace */,
			);
		};
/* End PBXProject section */

/* Begin PBXResourcesBuildPhase section */
		8CBCD02D29394EF700D1EF20 /* Resources */ = {
			isa = PBXResourcesBuildPhase;
			buildActionMask = 2147483647;
			files = (
				8CBCD03F29394EF900D1EF20 /* LaunchScreen.storyboard in Resources */,
				8CBCD03C29394EF900D1EF20 /* Assets.xcassets in Resources */,
				8CBCD03A29394EF700D1EF20 /* Main.storyboard in Resources */,
			);
			runOnlyForDeploymentPostprocessing = 0;
		};
/* End PBXResourcesBuildPhase section */

/* Begin PBXShellScriptBuildPhase section */
		7004D1DB6A616C89BF54D856 /* [CP] Embed Pods Frameworks */ = {
			isa = PBXShellScriptBuildPhase;
			buildActionMask = 2147483647;
			files = (
			);
			inputFileListPaths = (
				"${PODS_ROOT}/Target Support Files/Pods-NFTMarketplace/Pods-NFTMarketplace-frameworks-${CONFIGURATION}-input-files.xcfilelist",
			);
			name = "[CP] Embed Pods Frameworks";
			outputFileListPaths = (
				"${PODS_ROOT}/Target Support Files/Pods-NFTMarketplace/Pods-NFTMarketplace-frameworks-${CONFIGURATION}-output-files.xcfilelist",
			);
			runOnlyForDeploymentPostprocessing = 0;
			shellPath = /bin/sh;
			shellScript = "\"${PODS_ROOT}/Target Support Files/Pods-NFTMarketplace/Pods-NFTMarketplace-frameworks.sh\"\n";
			showEnvVarsInLog = 0;
		};
		D8D62F270A21508462EB6C85 /* [CP] Check Pods Manifest.lock */ = {
			isa = PBXShellScriptBuildPhase;
			buildActionMask = 2147483647;
			files = (
			);
			inputFileListPaths = (
			);
			inputPaths = (
				"${PODS_PODFILE_DIR_PATH}/Podfile.lock",
				"${PODS_ROOT}/Manifest.lock",
			);
			name = "[CP] Check Pods Manifest.lock";
			outputFileListPaths = (
			);
			outputPaths = (
				"$(DERIVED_FILE_DIR)/Pods-NFTMarketplace-checkManifestLockResult.txt",
			);
			runOnlyForDeploymentPostprocessing = 0;
			shellPath = /bin/sh;
			shellScript = "diff \"${PODS_PODFILE_DIR_PATH}/Podfile.lock\" \"${PODS_ROOT}/Manifest.lock\" > /dev/null\nif [ $? != 0 ] ; then\n    # print error to STDERR\n    echo \"error: The sandbox is not in sync with the Podfile.lock. Run 'pod install' or update your CocoaPods installation.\" >&2\n    exit 1\nfi\n# This output is used by Xcode 'outputs' to avoid re-running this script phase.\necho \"SUCCESS\" > \"${SCRIPT_OUTPUT_FILE_0}\"\n";
			showEnvVarsInLog = 0;
		};
/* End PBXShellScriptBuildPhase section */

/* Begin PBXSourcesBuildPhase section */
		8CBCD02B29394EF700D1EF20 /* Sources */ = {
			isa = PBXSourcesBuildPhase;
			buildActionMask = 2147483647;
			files = (
				8CBCD05529395FA600D1EF20 /* IPFSHandler.swift in Sources */,
				8CBCD03729394EF700D1EF20 /* ViewController.swift in Sources */,
				8CBCD05F2939844E00D1EF20 /* ImageGenerationRequest.swift in Sources */,
				8CBCD05729396CEE00D1EF20 /* String+Utilities.swift in Sources */,
				8CBCD03329394EF700D1EF20 /* AppDelegate.swift in Sources */,
				8CBCD05D2939838300D1EF20 /* OpenAPIHandler.swift in Sources */,
				8CBCD05B29396D3300D1EF20 /* IPFSResult.swift in Sources */,
				8CBCD04C293950FB00D1EF20 /* GlobalConstants.swift in Sources */,
				8CBCD0612939854900D1EF20 /* ImageGenerationResult.swift in Sources */,
				8CBCD04F29395B9E00D1EF20 /* NetworkingManager.swift in Sources */,
				8CBCD03529394EF700D1EF20 /* SceneDelegate.swift in Sources */,
			);
			runOnlyForDeploymentPostprocessing = 0;
		};
/* End PBXSourcesBuildPhase section */

/* Begin PBXVariantGroup section */
		8CBCD03829394EF700D1EF20 /* Main.storyboard */ = {
			isa = PBXVariantGroup;
			children = (
				8CBCD03929394EF700D1EF20 /* Base */,
			);
			name = Main.storyboard;
			sourceTree = "<group>";
		};
		8CBCD03D29394EF900D1EF20 /* LaunchScreen.storyboard */ = {
			isa = PBXVariantGroup;
			children = (
				8CBCD03E29394EF900D1EF20 /* Base */,
			);
			name = LaunchScreen.storyboard;
			sourceTree = "<group>";
		};
/* End PBXVariantGroup section */

/* Begin XCBuildConfiguration section */
		8CBCD04129394EF900D1EF20 /* Debug */ = {
			isa = XCBuildConfiguration;
			buildSettings = {
				ALWAYS_SEARCH_USER_PATHS = NO;
				CLANG_ANALYZER_NONNULL = YES;
				CLANG_ANALYZER_NUMBER_OBJECT_CONVERSION = YES_AGGRESSIVE;
				CLANG_CXX_LANGUAGE_STANDARD = "gnu++17";
				CLANG_ENABLE_MODULES = YES;
				CLANG_ENABLE_OBJC_ARC = YES;
				CLANG_ENABLE_OBJC_WEAK = YES;
				CLANG_WARN_BLOCK_CAPTURE_AUTORELEASING = YES;
				CLANG_WARN_BOOL_CONVERSION = YES;
				CLANG_WARN_COMMA = YES;
				CLANG_WARN_CONSTANT_CONVERSION = YES;
				CLANG_WARN_DEPRECATED_OBJC_IMPLEMENTATIONS = YES;
				CLANG_WARN_DIRECT_OBJC_ISA_USAGE = YES_ERROR;
				CLANG_WARN_DOCUMENTATION_COMMENTS = YES;
				CLANG_WARN_EMPTY_BODY = YES;
				CLANG_WARN_ENUM_CONVERSION = YES;
				CLANG_WARN_INFINITE_RECURSION = YES;
				CLANG_WARN_INT_CONVERSION = YES;
				CLANG_WARN_NON_LITERAL_NULL_CONVERSION = YES;
				CLANG_WARN_OBJC_IMPLICIT_RETAIN_SELF = YES;
				CLANG_WARN_OBJC_LITERAL_CONVERSION = YES;
				CLANG_WARN_OBJC_ROOT_CLASS = YES_ERROR;
				CLANG_WARN_QUOTED_INCLUDE_IN_FRAMEWORK_HEADER = YES;
				CLANG_WARN_RANGE_LOOP_ANALYSIS = YES;
				CLANG_WARN_STRICT_PROTOTYPES = YES;
				CLANG_WARN_SUSPICIOUS_MOVE = YES;
				CLANG_WARN_UNGUARDED_AVAILABILITY = YES_AGGRESSIVE;
				CLANG_WARN_UNREACHABLE_CODE = YES;
				CLANG_WARN__DUPLICATE_METHOD_MATCH = YES;
				COPY_PHASE_STRIP = NO;
				DEBUG_INFORMATION_FORMAT = dwarf;
				ENABLE_STRICT_OBJC_MSGSEND = YES;
				ENABLE_TESTABILITY = YES;
				GCC_C_LANGUAGE_STANDARD = gnu11;
				GCC_DYNAMIC_NO_PIC = NO;
				GCC_NO_COMMON_BLOCKS = YES;
				GCC_OPTIMIZATION_LEVEL = 0;
				GCC_PREPROCESSOR_DEFINITIONS = (
					"DEBUG=1",
					"$(inherited)",
				);
				GCC_WARN_64_TO_32_BIT_CONVERSION = YES;
				GCC_WARN_ABOUT_RETURN_TYPE = YES_ERROR;
				GCC_WARN_UNDECLARED_SELECTOR = YES;
				GCC_WARN_UNINITIALIZED_AUTOS = YES_AGGRESSIVE;
				GCC_WARN_UNUSED_FUNCTION = YES;
				GCC_WARN_UNUSED_VARIABLE = YES;
				IPHONEOS_DEPLOYMENT_TARGET = 15.5;
				MTL_ENABLE_DEBUG_INFO = INCLUDE_SOURCE;
				MTL_FAST_MATH = YES;
				ONLY_ACTIVE_ARCH = YES;
				SDKROOT = iphoneos;
				SWIFT_ACTIVE_COMPILATION_CONDITIONS = DEBUG;
				SWIFT_OPTIMIZATION_LEVEL = "-Onone";
			};
			name = Debug;
		};
		8CBCD04229394EF900D1EF20 /* Release */ = {
			isa = XCBuildConfiguration;
			buildSettings = {
				ALWAYS_SEARCH_USER_PATHS = NO;
				CLANG_ANALYZER_NONNULL = YES;
				CLANG_ANALYZER_NUMBER_OBJECT_CONVERSION = YES_AGGRESSIVE;
				CLANG_CXX_LANGUAGE_STANDARD = "gnu++17";
				CLANG_ENABLE_MODULES = YES;
				CLANG_ENABLE_OBJC_ARC = YES;
				CLANG_ENABLE_OBJC_WEAK = YES;
				CLANG_WARN_BLOCK_CAPTURE_AUTORELEASING = YES;
				CLANG_WARN_BOOL_CONVERSION = YES;
				CLANG_WARN_COMMA = YES;
				CLANG_WARN_CONSTANT_CONVERSION = YES;
				CLANG_WARN_DEPRECATED_OBJC_IMPLEMENTATIONS = YES;
				CLANG_WARN_DIRECT_OBJC_ISA_USAGE = YES_ERROR;
				CLANG_WARN_DOCUMENTATION_COMMENTS = YES;
				CLANG_WARN_EMPTY_BODY = YES;
				CLANG_WARN_ENUM_CONVERSION = YES;
				CLANG_WARN_INFINITE_RECURSION = YES;
				CLANG_WARN_INT_CONVERSION = YES;
				CLANG_WARN_NON_LITERAL_NULL_CONVERSION = YES;
				CLANG_WARN_OBJC_IMPLICIT_RETAIN_SELF = YES;
				CLANG_WARN_OBJC_LITERAL_CONVERSION = YES;
				CLANG_WARN_OBJC_ROOT_CLASS = YES_ERROR;
				CLANG_WARN_QUOTED_INCLUDE_IN_FRAMEWORK_HEADER = YES;
				CLANG_WARN_RANGE_LOOP_ANALYSIS = YES;
				CLANG_WARN_STRICT_PROTOTYPES = YES;
				CLANG_WARN_SUSPICIOUS_MOVE = YES;
				CLANG_WARN_UNGUARDED_AVAILABILITY = YES_AGGRESSIVE;
				CLANG_WARN_UNREACHABLE_CODE = YES;
				CLANG_WARN__DUPLICATE_METHOD_MATCH = YES;
				COPY_PHASE_STRIP = NO;
				DEBUG_INFORMATION_FORMAT = "dwarf-with-dsym";
				ENABLE_NS_ASSERTIONS = NO;
				ENABLE_STRICT_OBJC_MSGSEND = YES;
				GCC_C_LANGUAGE_STANDARD = gnu11;
				GCC_NO_COMMON_BLOCKS = YES;
				GCC_WARN_64_TO_32_BIT_CONVERSION = YES;
				GCC_WARN_ABOUT_RETURN_TYPE = YES_ERROR;
				GCC_WARN_UNDECLARED_SELECTOR = YES;
				GCC_WARN_UNINITIALIZED_AUTOS = YES_AGGRESSIVE;
				GCC_WARN_UNUSED_FUNCTION = YES;
				GCC_WARN_UNUSED_VARIABLE = YES;
				IPHONEOS_DEPLOYMENT_TARGET = 15.5;
				MTL_ENABLE_DEBUG_INFO = NO;
				MTL_FAST_MATH = YES;
				SDKROOT = iphoneos;
				SWIFT_COMPILATION_MODE = wholemodule;
				SWIFT_OPTIMIZATION_LEVEL = "-O";
				VALIDATE_PRODUCT = YES;
			};
			name = Release;
		};
		8CBCD04429394EF900D1EF20 /* Debug */ = {
			isa = XCBuildConfiguration;
			baseConfigurationReference = DE2164AB307283DF6E89DA56 /* Pods-NFTMarketplace.debug.xcconfig */;
			buildSettings = {
				ASSETCATALOG_COMPILER_APPICON_NAME = AppIcon;
				ASSETCATALOG_COMPILER_GLOBAL_ACCENT_COLOR_NAME = AccentColor;
				CODE_SIGN_STYLE = Automatic;
				CURRENT_PROJECT_VERSION = 1;
				DEVELOPMENT_TEAM = 7KX2K9CJ54;
				GENERATE_INFOPLIST_FILE = YES;
				INFOPLIST_FILE = NFTMarketplace/Info.plist;
				INFOPLIST_KEY_UIApplicationSupportsIndirectInputEvents = YES;
				INFOPLIST_KEY_UILaunchStoryboardName = LaunchScreen;
				INFOPLIST_KEY_UIMainStoryboardFile = Main;
				INFOPLIST_KEY_UISupportedInterfaceOrientations_iPad = "UIInterfaceOrientationPortrait UIInterfaceOrientationPortraitUpsideDown UIInterfaceOrientationLandscapeLeft UIInterfaceOrientationLandscapeRight";
				INFOPLIST_KEY_UISupportedInterfaceOrientations_iPhone = "UIInterfaceOrientationPortrait UIInterfaceOrientationLandscapeLeft UIInterfaceOrientationLandscapeRight";
				LD_RUNPATH_SEARCH_PATHS = (
					"$(inherited)",
					"@executable_path/Frameworks",
				);
				MARKETING_VERSION = 1.0;
				PRODUCT_BUNDLE_IDENTIFIER = naa.NFTMarketplace;
				PRODUCT_NAME = "$(TARGET_NAME)";
				SWIFT_EMIT_LOC_STRINGS = YES;
				SWIFT_VERSION = 5.0;
				TARGETED_DEVICE_FAMILY = "1,2";
			};
			name = Debug;
		};
		8CBCD04529394EF900D1EF20 /* Release */ = {
			isa = XCBuildConfiguration;
			baseConfigurationReference = 2577C57EC795E67A63BFE290 /* Pods-NFTMarketplace.release.xcconfig */;
			buildSettings = {
				ASSETCATALOG_COMPILER_APPICON_NAME = AppIcon;
				ASSETCATALOG_COMPILER_GLOBAL_ACCENT_COLOR_NAME = AccentColor;
				CODE_SIGN_STYLE = Automatic;
				CURRENT_PROJECT_VERSION = 1;
				DEVELOPMENT_TEAM = 7KX2K9CJ54;
				GENERATE_INFOPLIST_FILE = YES;
				INFOPLIST_FILE = NFTMarketplace/Info.plist;
				INFOPLIST_KEY_UIApplicationSupportsIndirectInputEvents = YES;
				INFOPLIST_KEY_UILaunchStoryboardName = LaunchScreen;
				INFOPLIST_KEY_UIMainStoryboardFile = Main;
				INFOPLIST_KEY_UISupportedInterfaceOrientations_iPad = "UIInterfaceOrientationPortrait UIInterfaceOrientationPortraitUpsideDown UIInterfaceOrientationLandscapeLeft UIInterfaceOrientationLandscapeRight";
				INFOPLIST_KEY_UISupportedInterfaceOrientations_iPhone = "UIInterfaceOrientationPortrait UIInterfaceOrientationLandscapeLeft UIInterfaceOrientationLandscapeRight";
				LD_RUNPATH_SEARCH_PATHS = (
					"$(inherited)",
					"@executable_path/Frameworks",
				);
				MARKETING_VERSION = 1.0;
				PRODUCT_BUNDLE_IDENTIFIER = naa.NFTMarketplace;
				PRODUCT_NAME = "$(TARGET_NAME)";
				SWIFT_EMIT_LOC_STRINGS = YES;
				SWIFT_VERSION = 5.0;
				TARGETED_DEVICE_FAMILY = "1,2";
			};
			name = Release;
		};
/* End XCBuildConfiguration section */

/* Begin XCConfigurationList section */
		8CBCD02A29394EF700D1EF20 /* Build configuration list for PBXProject "NFTMarketplace" */ = {
			isa = XCConfigurationList;
			buildConfigurations = (
				8CBCD04129394EF900D1EF20 /* Debug */,
				8CBCD04229394EF900D1EF20 /* Release */,
			);
			defaultConfigurationIsVisible = 0;
			defaultConfigurationName = Release;
		};
		8CBCD04329394EF900D1EF20 /* Build configuration list for PBXNativeTarget "NFTMarketplace" */ = {
			isa = XCConfigurationList;
			buildConfigurations = (
				8CBCD04429394EF900D1EF20 /* Debug */,
				8CBCD04529394EF900D1EF20 /* Release */,
			);
			defaultConfigurationIsVisible = 0;
			defaultConfigurationName = Release;
		};
/* End XCConfigurationList section */

/* Begin XCRemoteSwiftPackageReference section */
		8CBCD06229398DC700D1EF20 /* XCRemoteSwiftPackageReference "Web3.swift" */ = {
			isa = XCRemoteSwiftPackageReference;
			repositoryURL = "https://github.com/Boilertalk/Web3.swift.git";
			requirement = {
				branch = master;
				kind = branch;
			};
		};
/* End XCRemoteSwiftPackageReference section */

/* Begin XCSwiftPackageProductDependency section */
		8CBCD06329398DC700D1EF20 /* Web3 */ = {
			isa = XCSwiftPackageProductDependency;
			package = 8CBCD06229398DC700D1EF20 /* XCRemoteSwiftPackageReference "Web3.swift" */;
			productName = Web3;
		};
		8CBCD06529398DC700D1EF20 /* Web3ContractABI */ = {
			isa = XCSwiftPackageProductDependency;
			package = 8CBCD06229398DC700D1EF20 /* XCRemoteSwiftPackageReference "Web3.swift" */;
			productName = Web3ContractABI;
		};
/* End XCSwiftPackageProductDependency section */
	};
	rootObject = 8CBCD02729394EF700D1EF20 /* Project object */;
}
